// !$*UTF8*$!
{
	archiveVersion = 1;
	classes = {
	};
	objectVersion = 50;
	objects = {

/* Begin PBXBuildFile section */
		9E6B812B2554103C00D583D9 /* RateViewController.swift in Sources */ = {isa = PBXBuildFile; fileRef = 9E6B81292554103C00D583D9 /* RateViewController.swift */; };
		9E6B812C2554103C00D583D9 /* RateViewController.xib in Resources */ = {isa = PBXBuildFile; fileRef = 9E6B812A2554103C00D583D9 /* RateViewController.xib */; };
		9E6B813025541BE100D583D9 /* RateDependencyContainer.swift in Sources */ = {isa = PBXBuildFile; fileRef = 9E6B812F25541BE100D583D9 /* RateDependencyContainer.swift */; };
		9E6B813225541C6F00D583D9 /* RateWorker.swift in Sources */ = {isa = PBXBuildFile; fileRef = 9E6B813125541C6F00D583D9 /* RateWorker.swift */; };
		9E6B813425541C7A00D583D9 /* RateInteractor.swift in Sources */ = {isa = PBXBuildFile; fileRef = 9E6B813325541C7A00D583D9 /* RateInteractor.swift */; };
		9E6B813625541C8400D583D9 /* RatePresenter.swift in Sources */ = {isa = PBXBuildFile; fileRef = 9E6B813525541C8400D583D9 /* RatePresenter.swift */; };
		9E6B813925541CCA00D583D9 /* RateModel.swift in Sources */ = {isa = PBXBuildFile; fileRef = 9E6B813825541CCA00D583D9 /* RateModel.swift */; };
		9E6B813B25541DD700D583D9 /* RateEndpoint.swift in Sources */ = {isa = PBXBuildFile; fileRef = 9E6B813A25541DD700D583D9 /* RateEndpoint.swift */; };
		9E6B813D2554216100D583D9 /* FetchRatesParams.swift in Sources */ = {isa = PBXBuildFile; fileRef = 9E6B813C2554216100D583D9 /* FetchRatesParams.swift */; };
		9E6B813F2554232200D583D9 /* FetchDailyRateParams.swift in Sources */ = {isa = PBXBuildFile; fileRef = 9E6B813E2554232200D583D9 /* FetchDailyRateParams.swift */; };
		9E6B81422554259800D583D9 /* Info.swift in Sources */ = {isa = PBXBuildFile; fileRef = 9E6B81412554259800D583D9 /* Info.swift */; };
		9E6B814425542BE600D583D9 /* RatesResponse.swift in Sources */ = {isa = PBXBuildFile; fileRef = 9E6B814325542BE600D583D9 /* RatesResponse.swift */; };
		9E6B814625542C0600D583D9 /* DailyRatesResponse.swift in Sources */ = {isa = PBXBuildFile; fileRef = 9E6B814525542C0600D583D9 /* DailyRatesResponse.swift */; };
		9E6B8149255434BD00D583D9 /* EncodableExtension.swift in Sources */ = {isa = PBXBuildFile; fileRef = 9E6B8148255434BD00D583D9 /* EncodableExtension.swift */; };
		9E6B814B255434F700D583D9 /* JSONEncoder.swift in Sources */ = {isa = PBXBuildFile; fileRef = 9E6B814A255434F700D583D9 /* JSONEncoder.swift */; };
		9E6B814D2554355700D583D9 /* JSONDecoder.swift in Sources */ = {isa = PBXBuildFile; fileRef = 9E6B814C2554355700D583D9 /* JSONDecoder.swift */; };
		9E6B814F25543A2000D583D9 /* DateExtension.swift in Sources */ = {isa = PBXBuildFile; fileRef = 9E6B814E25543A2000D583D9 /* DateExtension.swift */; };
		9E7726E62553E7AF00618DF8 /* CurrencyInteractor.swift in Sources */ = {isa = PBXBuildFile; fileRef = 9E7726E52553E7AF00618DF8 /* CurrencyInteractor.swift */; };
		9E7726E82553E7BE00618DF8 /* CurrencyPresenter.swift in Sources */ = {isa = PBXBuildFile; fileRef = 9E7726E72553E7BE00618DF8 /* CurrencyPresenter.swift */; };
		9E7726EC2553E7DB00618DF8 /* CurrencyRouter.swift in Sources */ = {isa = PBXBuildFile; fileRef = 9E7726EB2553E7DB00618DF8 /* CurrencyRouter.swift */; };
		9E7726F02553E80D00618DF8 /* CurrencyWorker.swift in Sources */ = {isa = PBXBuildFile; fileRef = 9E7726EF2553E80D00618DF8 /* CurrencyWorker.swift */; };
		9E7726F32553E85D00618DF8 /* Currency.swift in Sources */ = {isa = PBXBuildFile; fileRef = 9E7726F22553E85D00618DF8 /* Currency.swift */; };
		9E7D536A25532E6000F2F2D8 /* AppDelegate.swift in Sources */ = {isa = PBXBuildFile; fileRef = 9E7D536925532E6000F2F2D8 /* AppDelegate.swift */; };
		9E7D536E25532E6000F2F2D8 /* ViewController.swift in Sources */ = {isa = PBXBuildFile; fileRef = 9E7D536D25532E6000F2F2D8 /* ViewController.swift */; };
		9E7D537325532E7B00F2F2D8 /* Assets.xcassets in Resources */ = {isa = PBXBuildFile; fileRef = 9E7D537225532E7B00F2F2D8 /* Assets.xcassets */; };
		9E7D537625532E7B00F2F2D8 /* LaunchScreen.storyboard in Resources */ = {isa = PBXBuildFile; fileRef = 9E7D537425532E7B00F2F2D8 /* LaunchScreen.storyboard */; };
		9E7D539025533F3A00F2F2D8 /* Response.swift in Sources */ = {isa = PBXBuildFile; fileRef = 9E7D538725533F3A00F2F2D8 /* Response.swift */; };
		9E7D539125533F3A00F2F2D8 /* NetworkError.swift in Sources */ = {isa = PBXBuildFile; fileRef = 9E7D538925533F3A00F2F2D8 /* NetworkError.swift */; };
		9E7D539225533F3A00F2F2D8 /* Types.swift in Sources */ = {isa = PBXBuildFile; fileRef = 9E7D538A25533F3A00F2F2D8 /* Types.swift */; };
		9E7D539325533F3A00F2F2D8 /* Endpoint.swift in Sources */ = {isa = PBXBuildFile; fileRef = 9E7D538B25533F3A00F2F2D8 /* Endpoint.swift */; };
		9E7D539425533F3A00F2F2D8 /* NetworkAPI.swift in Sources */ = {isa = PBXBuildFile; fileRef = 9E7D538C25533F3A00F2F2D8 /* NetworkAPI.swift */; };
		9ECCAA892553F50100FBDEC8 /* CurrencyViewController.swift in Sources */ = {isa = PBXBuildFile; fileRef = 9ECCAA872553F50100FBDEC8 /* CurrencyViewController.swift */; };
		9ECCAA8A2553F50200FBDEC8 /* CurrencyViewController.xib in Resources */ = {isa = PBXBuildFile; fileRef = 9ECCAA882553F50100FBDEC8 /* CurrencyViewController.xib */; };
		9ECCAA8E2553F75200FBDEC8 /* CurrencyCollectionViewCell.swift in Sources */ = {isa = PBXBuildFile; fileRef = 9ECCAA8C2553F75200FBDEC8 /* CurrencyCollectionViewCell.swift */; };
		9ECCAA8F2553F75200FBDEC8 /* CurrencyCollectionViewCell.xib in Resources */ = {isa = PBXBuildFile; fileRef = 9ECCAA8D2553F75200FBDEC8 /* CurrencyCollectionViewCell.xib */; };
		9ECCAA942553F81600FBDEC8 /* CollectionViewDataSource.swift in Sources */ = {isa = PBXBuildFile; fileRef = 9ECCAA932553F81600FBDEC8 /* CollectionViewDataSource.swift */; };
		9ECCAA962553F82B00FBDEC8 /* CollectionViewCellModel.swift in Sources */ = {isa = PBXBuildFile; fileRef = 9ECCAA952553F82B00FBDEC8 /* CollectionViewCellModel.swift */; };
		9ECCAA982553FA4200FBDEC8 /* CollectionView.swift in Sources */ = {isa = PBXBuildFile; fileRef = 9ECCAA972553FA4200FBDEC8 /* CollectionView.swift */; };
		9ECCAA9B2554017100FBDEC8 /* CurrencyDependencyContainer.swift in Sources */ = {isa = PBXBuildFile; fileRef = 9ECCAA9A2554017100FBDEC8 /* CurrencyDependencyContainer.swift */; };
		9EF3AB98255449C60023F201 /* ErrorModel.swift in Sources */ = {isa = PBXBuildFile; fileRef = 9EF3AB97255449C60023F201 /* ErrorModel.swift */; };
		9EF3AB9B2554656D0023F201 /* ExchangeViewController.swift in Sources */ = {isa = PBXBuildFile; fileRef = 9EF3AB992554656D0023F201 /* ExchangeViewController.swift */; };
		9EF3AB9C2554656D0023F201 /* ExchangeViewController.xib in Resources */ = {isa = PBXBuildFile; fileRef = 9EF3AB9A2554656D0023F201 /* ExchangeViewController.xib */; };
		9EF3AB9F25546C7C0023F201 /* LatestCurrencyRateFetcher.swift in Sources */ = {isa = PBXBuildFile; fileRef = 9EF3AB9E25546C7C0023F201 /* LatestCurrencyRateFetcher.swift */; };
		9EF3ABA12554727D0023F201 /* LatestEndpoint.swift in Sources */ = {isa = PBXBuildFile; fileRef = 9EF3ABA02554727D0023F201 /* LatestEndpoint.swift */; };
		9EF3ABA3255473210023F201 /* LatestCurrencyRequestParam.swift in Sources */ = {isa = PBXBuildFile; fileRef = 9EF3ABA2255473210023F201 /* LatestCurrencyRequestParam.swift */; };
		9EF3ABA6255479040023F201 /* ExchangeInteractor.swift in Sources */ = {isa = PBXBuildFile; fileRef = 9EF3ABA5255479040023F201 /* ExchangeInteractor.swift */; };
		9EF3ABA8255479730023F201 /* ExchangePresenter.swift in Sources */ = {isa = PBXBuildFile; fileRef = 9EF3ABA7255479730023F201 /* ExchangePresenter.swift */; };
		9EF3ABAC255479AA0023F201 /* ExchangeModel.swift in Sources */ = {isa = PBXBuildFile; fileRef = 9EF3ABAB255479AA0023F201 /* ExchangeModel.swift */; };
		9EF3ABAF25548C480023F201 /* ExchangeDependencyContainer.swift in Sources */ = {isa = PBXBuildFile; fileRef = 9EF3ABAE25548C480023F201 /* ExchangeDependencyContainer.swift */; };
/* End PBXBuildFile section */

/* Begin PBXFileReference section */
		9E6B81292554103C00D583D9 /* RateViewController.swift */ = {isa = PBXFileReference; lastKnownFileType = sourcecode.swift; path = RateViewController.swift; sourceTree = "<group>"; };
		9E6B812A2554103C00D583D9 /* RateViewController.xib */ = {isa = PBXFileReference; lastKnownFileType = file.xib; path = RateViewController.xib; sourceTree = "<group>"; };
		9E6B812F25541BE100D583D9 /* RateDependencyContainer.swift */ = {isa = PBXFileReference; lastKnownFileType = sourcecode.swift; path = RateDependencyContainer.swift; sourceTree = "<group>"; };
		9E6B813125541C6F00D583D9 /* RateWorker.swift */ = {isa = PBXFileReference; lastKnownFileType = sourcecode.swift; path = RateWorker.swift; sourceTree = "<group>"; };
		9E6B813325541C7A00D583D9 /* RateInteractor.swift */ = {isa = PBXFileReference; lastKnownFileType = sourcecode.swift; path = RateInteractor.swift; sourceTree = "<group>"; };
		9E6B813525541C8400D583D9 /* RatePresenter.swift */ = {isa = PBXFileReference; lastKnownFileType = sourcecode.swift; path = RatePresenter.swift; sourceTree = "<group>"; };
		9E6B813825541CCA00D583D9 /* RateModel.swift */ = {isa = PBXFileReference; lastKnownFileType = sourcecode.swift; path = RateModel.swift; sourceTree = "<group>"; };
		9E6B813A25541DD700D583D9 /* RateEndpoint.swift */ = {isa = PBXFileReference; lastKnownFileType = sourcecode.swift; path = RateEndpoint.swift; sourceTree = "<group>"; };
		9E6B813C2554216100D583D9 /* FetchRatesParams.swift */ = {isa = PBXFileReference; lastKnownFileType = sourcecode.swift; path = FetchRatesParams.swift; sourceTree = "<group>"; };
		9E6B813E2554232200D583D9 /* FetchDailyRateParams.swift */ = {isa = PBXFileReference; lastKnownFileType = sourcecode.swift; path = FetchDailyRateParams.swift; sourceTree = "<group>"; };
		9E6B81412554259800D583D9 /* Info.swift */ = {isa = PBXFileReference; lastKnownFileType = sourcecode.swift; path = Info.swift; sourceTree = "<group>"; };
		9E6B814325542BE600D583D9 /* RatesResponse.swift */ = {isa = PBXFileReference; lastKnownFileType = sourcecode.swift; path = RatesResponse.swift; sourceTree = "<group>"; };
		9E6B814525542C0600D583D9 /* DailyRatesResponse.swift */ = {isa = PBXFileReference; lastKnownFileType = sourcecode.swift; path = DailyRatesResponse.swift; sourceTree = "<group>"; };
		9E6B8148255434BD00D583D9 /* EncodableExtension.swift */ = {isa = PBXFileReference; lastKnownFileType = sourcecode.swift; path = EncodableExtension.swift; sourceTree = "<group>"; };
		9E6B814A255434F700D583D9 /* JSONEncoder.swift */ = {isa = PBXFileReference; lastKnownFileType = sourcecode.swift; path = JSONEncoder.swift; sourceTree = "<group>"; };
		9E6B814C2554355700D583D9 /* JSONDecoder.swift */ = {isa = PBXFileReference; lastKnownFileType = sourcecode.swift; path = JSONDecoder.swift; sourceTree = "<group>"; };
		9E6B814E25543A2000D583D9 /* DateExtension.swift */ = {isa = PBXFileReference; lastKnownFileType = sourcecode.swift; path = DateExtension.swift; sourceTree = "<group>"; };
		9E7726E52553E7AF00618DF8 /* CurrencyInteractor.swift */ = {isa = PBXFileReference; lastKnownFileType = sourcecode.swift; path = CurrencyInteractor.swift; sourceTree = "<group>"; };
		9E7726E72553E7BE00618DF8 /* CurrencyPresenter.swift */ = {isa = PBXFileReference; lastKnownFileType = sourcecode.swift; path = CurrencyPresenter.swift; sourceTree = "<group>"; };
		9E7726EB2553E7DB00618DF8 /* CurrencyRouter.swift */ = {isa = PBXFileReference; lastKnownFileType = sourcecode.swift; path = CurrencyRouter.swift; sourceTree = "<group>"; };
		9E7726EF2553E80D00618DF8 /* CurrencyWorker.swift */ = {isa = PBXFileReference; lastKnownFileType = sourcecode.swift; path = CurrencyWorker.swift; sourceTree = "<group>"; };
		9E7726F22553E85D00618DF8 /* Currency.swift */ = {isa = PBXFileReference; lastKnownFileType = sourcecode.swift; path = Currency.swift; sourceTree = "<group>"; };
		9E7D536625532E5F00F2F2D8 /* EliqChallenge.app */ = {isa = PBXFileReference; explicitFileType = wrapper.application; includeInIndex = 0; path = EliqChallenge.app; sourceTree = BUILT_PRODUCTS_DIR; };
		9E7D536925532E6000F2F2D8 /* AppDelegate.swift */ = {isa = PBXFileReference; lastKnownFileType = sourcecode.swift; path = AppDelegate.swift; sourceTree = "<group>"; };
		9E7D536D25532E6000F2F2D8 /* ViewController.swift */ = {isa = PBXFileReference; lastKnownFileType = sourcecode.swift; path = ViewController.swift; sourceTree = "<group>"; };
		9E7D537225532E7B00F2F2D8 /* Assets.xcassets */ = {isa = PBXFileReference; lastKnownFileType = folder.assetcatalog; path = Assets.xcassets; sourceTree = "<group>"; };
		9E7D537525532E7B00F2F2D8 /* Base */ = {isa = PBXFileReference; lastKnownFileType = file.storyboard; name = Base; path = Base.lproj/LaunchScreen.storyboard; sourceTree = "<group>"; };
		9E7D537725532E7B00F2F2D8 /* Info.plist */ = {isa = PBXFileReference; lastKnownFileType = text.plist.xml; path = Info.plist; sourceTree = "<group>"; };
		9E7D538725533F3A00F2F2D8 /* Response.swift */ = {isa = PBXFileReference; fileEncoding = 4; lastKnownFileType = sourcecode.swift; path = Response.swift; sourceTree = "<group>"; };
		9E7D538925533F3A00F2F2D8 /* NetworkError.swift */ = {isa = PBXFileReference; fileEncoding = 4; lastKnownFileType = sourcecode.swift; path = NetworkError.swift; sourceTree = "<group>"; };
		9E7D538A25533F3A00F2F2D8 /* Types.swift */ = {isa = PBXFileReference; fileEncoding = 4; lastKnownFileType = sourcecode.swift; path = Types.swift; sourceTree = "<group>"; };
		9E7D538B25533F3A00F2F2D8 /* Endpoint.swift */ = {isa = PBXFileReference; fileEncoding = 4; lastKnownFileType = sourcecode.swift; path = Endpoint.swift; sourceTree = "<group>"; };
		9E7D538C25533F3A00F2F2D8 /* NetworkAPI.swift */ = {isa = PBXFileReference; fileEncoding = 4; lastKnownFileType = sourcecode.swift; path = NetworkAPI.swift; sourceTree = "<group>"; };
		9ECCAA872553F50100FBDEC8 /* CurrencyViewController.swift */ = {isa = PBXFileReference; lastKnownFileType = sourcecode.swift; path = CurrencyViewController.swift; sourceTree = "<group>"; };
		9ECCAA882553F50100FBDEC8 /* CurrencyViewController.xib */ = {isa = PBXFileReference; lastKnownFileType = file.xib; path = CurrencyViewController.xib; sourceTree = "<group>"; };
		9ECCAA8C2553F75200FBDEC8 /* CurrencyCollectionViewCell.swift */ = {isa = PBXFileReference; lastKnownFileType = sourcecode.swift; path = CurrencyCollectionViewCell.swift; sourceTree = "<group>"; };
		9ECCAA8D2553F75200FBDEC8 /* CurrencyCollectionViewCell.xib */ = {isa = PBXFileReference; lastKnownFileType = file.xib; path = CurrencyCollectionViewCell.xib; sourceTree = "<group>"; };
		9ECCAA932553F81600FBDEC8 /* CollectionViewDataSource.swift */ = {isa = PBXFileReference; lastKnownFileType = sourcecode.swift; path = CollectionViewDataSource.swift; sourceTree = "<group>"; };
		9ECCAA952553F82B00FBDEC8 /* CollectionViewCellModel.swift */ = {isa = PBXFileReference; lastKnownFileType = sourcecode.swift; path = CollectionViewCellModel.swift; sourceTree = "<group>"; };
		9ECCAA972553FA4200FBDEC8 /* CollectionView.swift */ = {isa = PBXFileReference; lastKnownFileType = sourcecode.swift; path = CollectionView.swift; sourceTree = "<group>"; };
		9ECCAA9A2554017100FBDEC8 /* CurrencyDependencyContainer.swift */ = {isa = PBXFileReference; lastKnownFileType = sourcecode.swift; path = CurrencyDependencyContainer.swift; sourceTree = "<group>"; };
		9EF3AB97255449C60023F201 /* ErrorModel.swift */ = {isa = PBXFileReference; lastKnownFileType = sourcecode.swift; path = ErrorModel.swift; sourceTree = "<group>"; };
		9EF3AB992554656D0023F201 /* ExchangeViewController.swift */ = {isa = PBXFileReference; lastKnownFileType = sourcecode.swift; path = ExchangeViewController.swift; sourceTree = "<group>"; };
		9EF3AB9A2554656D0023F201 /* ExchangeViewController.xib */ = {isa = PBXFileReference; lastKnownFileType = file.xib; path = ExchangeViewController.xib; sourceTree = "<group>"; };
		9EF3AB9E25546C7C0023F201 /* LatestCurrencyRateFetcher.swift */ = {isa = PBXFileReference; lastKnownFileType = sourcecode.swift; path = LatestCurrencyRateFetcher.swift; sourceTree = "<group>"; };
		9EF3ABA02554727D0023F201 /* LatestEndpoint.swift */ = {isa = PBXFileReference; lastKnownFileType = sourcecode.swift; path = LatestEndpoint.swift; sourceTree = "<group>"; };
		9EF3ABA2255473210023F201 /* LatestCurrencyRequestParam.swift */ = {isa = PBXFileReference; lastKnownFileType = sourcecode.swift; path = LatestCurrencyRequestParam.swift; sourceTree = "<group>"; };
		9EF3ABA5255479040023F201 /* ExchangeInteractor.swift */ = {isa = PBXFileReference; lastKnownFileType = sourcecode.swift; path = ExchangeInteractor.swift; sourceTree = "<group>"; };
		9EF3ABA7255479730023F201 /* ExchangePresenter.swift */ = {isa = PBXFileReference; lastKnownFileType = sourcecode.swift; path = ExchangePresenter.swift; sourceTree = "<group>"; };
		9EF3ABAB255479AA0023F201 /* ExchangeModel.swift */ = {isa = PBXFileReference; lastKnownFileType = sourcecode.swift; path = ExchangeModel.swift; sourceTree = "<group>"; };
		9EF3ABAE25548C480023F201 /* ExchangeDependencyContainer.swift */ = {isa = PBXFileReference; lastKnownFileType = sourcecode.swift; path = ExchangeDependencyContainer.swift; sourceTree = "<group>"; };
/* End PBXFileReference section */

/* Begin PBXFrameworksBuildPhase section */
		9E7D536325532E5F00F2F2D8 /* Frameworks */ = {
			isa = PBXFrameworksBuildPhase;
			buildActionMask = 2147483647;
			files = (
			);
			runOnlyForDeploymentPostprocessing = 0;
		};
/* End PBXFrameworksBuildPhase section */

/* Begin PBXGroup section */
		9E6B812D2554104100D583D9 /* ViewController */ = {
			isa = PBXGroup;
			children = (
				9E6B81292554103C00D583D9 /* RateViewController.swift */,
				9E6B812A2554103C00D583D9 /* RateViewController.xib */,
			);
			path = ViewController;
			sourceTree = "<group>";
		};
		9E6B812E255410C700D583D9 /* DependencyContainer */ = {
			isa = PBXGroup;
			children = (
				9E6B812F25541BE100D583D9 /* RateDependencyContainer.swift */,
			);
			path = DependencyContainer;
			sourceTree = "<group>";
		};
		9E6B813725541CBD00D583D9 /* Model */ = {
			isa = PBXGroup;
			children = (
				9E6B813825541CCA00D583D9 /* RateModel.swift */,
				9E6B813C2554216100D583D9 /* FetchRatesParams.swift */,
				9E6B813E2554232200D583D9 /* FetchDailyRateParams.swift */,
				9E6B814325542BE600D583D9 /* RatesResponse.swift */,
				9E6B814525542C0600D583D9 /* DailyRatesResponse.swift */,
			);
			path = Model;
			sourceTree = "<group>";
		};
		9E6B81402554258B00D583D9 /* Info */ = {
			isa = PBXGroup;
			children = (
				9E6B81412554259800D583D9 /* Info.swift */,
			);
			path = Info;
			sourceTree = "<group>";
		};
		9E6B81472554348C00D583D9 /* Extensions */ = {
			isa = PBXGroup;
			children = (
				9E6B8148255434BD00D583D9 /* EncodableExtension.swift */,
				9E6B814A255434F700D583D9 /* JSONEncoder.swift */,
				9E6B814C2554355700D583D9 /* JSONDecoder.swift */,
				9E6B814E25543A2000D583D9 /* DateExtension.swift */,
			);
			name = Extensions;
			path = "New Group";
			sourceTree = "<group>";
		};
		9E7726F12553E84500618DF8 /* Models */ = {
			isa = PBXGroup;
			children = (
				9E7726F22553E85D00618DF8 /* Currency.swift */,
			);
			path = Models;
			sourceTree = "<group>";
		};
		9E7D535D25532E5F00F2F2D8 = {
			isa = PBXGroup;
			children = (
				9E7D536825532E6000F2F2D8 /* EliqChallenge */,
				9E7D536725532E5F00F2F2D8 /* Products */,
			);
			sourceTree = "<group>";
		};
		9E7D536725532E5F00F2F2D8 /* Products */ = {
			isa = PBXGroup;
			children = (
				9E7D536625532E5F00F2F2D8 /* EliqChallenge.app */,
			);
			name = Products;
			sourceTree = "<group>";
		};
		9E7D536825532E6000F2F2D8 /* EliqChallenge */ = {
			isa = PBXGroup;
			children = (
				9EF3AB9D25546C480023F201 /* LatestCurrencyRateFetcher */,
				9E6B81472554348C00D583D9 /* Extensions */,
				9E6B81402554258B00D583D9 /* Info */,
				9ECCAA902553F7C800FBDEC8 /* CustomViews */,
				9E7D537F2553319700F2F2D8 /* NetworkAPI */,
				9E7D537E2553316300F2F2D8 /* Scenes */,
				9E7D536925532E6000F2F2D8 /* AppDelegate.swift */,
				9E7D536D25532E6000F2F2D8 /* ViewController.swift */,
				9E7D537225532E7B00F2F2D8 /* Assets.xcassets */,
				9E7D537425532E7B00F2F2D8 /* LaunchScreen.storyboard */,
				9E7D537725532E7B00F2F2D8 /* Info.plist */,
			);
			path = EliqChallenge;
			sourceTree = "<group>";
		};
		9E7D537D2553314A00F2F2D8 /* Currencies */ = {
			isa = PBXGroup;
			children = (
				9ECCAA992554015900FBDEC8 /* DependencyContainer */,
				9ECCAA862553F4E000FBDEC8 /* ViewController */,
				9E7726F12553E84500618DF8 /* Models */,
				9E7726E52553E7AF00618DF8 /* CurrencyInteractor.swift */,
				9E7726E72553E7BE00618DF8 /* CurrencyPresenter.swift */,
				9E7726EB2553E7DB00618DF8 /* CurrencyRouter.swift */,
				9E7726EF2553E80D00618DF8 /* CurrencyWorker.swift */,
			);
			path = Currencies;
			sourceTree = "<group>";
		};
		9E7D537E2553316300F2F2D8 /* Scenes */ = {
			isa = PBXGroup;
			children = (
				9E7D538325533DE300F2F2D8 /* Exchange */,
				9E7D538225533DDB00F2F2D8 /* Rate  */,
				9E7D537D2553314A00F2F2D8 /* Currencies */,
			);
			path = Scenes;
			sourceTree = "<group>";
		};
		9E7D537F2553319700F2F2D8 /* NetworkAPI */ = {
			isa = PBXGroup;
			children = (
				9E7D538C25533F3A00F2F2D8 /* NetworkAPI.swift */,
				9E7D538825533F3A00F2F2D8 /* Core */,
				9E7D538625533F3A00F2F2D8 /* Response */,
				9EF3AB97255449C60023F201 /* ErrorModel.swift */,
			);
			path = NetworkAPI;
			sourceTree = "<group>";
		};
		9E7D538225533DDB00F2F2D8 /* Rate  */ = {
			isa = PBXGroup;
			children = (
				9E6B813725541CBD00D583D9 /* Model */,
				9E6B812E255410C700D583D9 /* DependencyContainer */,
				9E6B812D2554104100D583D9 /* ViewController */,
				9E6B813125541C6F00D583D9 /* RateWorker.swift */,
				9E6B813325541C7A00D583D9 /* RateInteractor.swift */,
				9E6B813525541C8400D583D9 /* RatePresenter.swift */,
				9E6B813A25541DD700D583D9 /* RateEndpoint.swift */,
			);
			path = "Rate ";
			sourceTree = "<group>";
		};
		9E7D538325533DE300F2F2D8 /* Exchange */ = {
			isa = PBXGroup;
			children = (
				9EF3ABAD25548C2E0023F201 /* DependencyContainer */,
				9E7D5399255344A000F2F2D8 /* ViewController */,
				9EF3ABA5255479040023F201 /* ExchangeInteractor.swift */,
				9EF3ABA7255479730023F201 /* ExchangePresenter.swift */,
				9EF3ABAB255479AA0023F201 /* ExchangeModel.swift */,
			);
			path = Exchange;
			sourceTree = "<group>";
		};
		9E7D538625533F3A00F2F2D8 /* Response */ = {
			isa = PBXGroup;
			children = (
				9E7D538725533F3A00F2F2D8 /* Response.swift */,
			);
			path = Response;
			sourceTree = "<group>";
		};
		9E7D538825533F3A00F2F2D8 /* Core */ = {
			isa = PBXGroup;
			children = (
				9E7D538925533F3A00F2F2D8 /* NetworkError.swift */,
				9E7D538A25533F3A00F2F2D8 /* Types.swift */,
				9E7D538B25533F3A00F2F2D8 /* Endpoint.swift */,
			);
			path = Core;
			sourceTree = "<group>";
		};
		9E7D5399255344A000F2F2D8 /* ViewController */ = {
			isa = PBXGroup;
			children = (
				9EF3AB992554656D0023F201 /* ExchangeViewController.swift */,
				9EF3AB9A2554656D0023F201 /* ExchangeViewController.xib */,
			);
			path = ViewController;
			sourceTree = "<group>";
		};
		9ECCAA862553F4E000FBDEC8 /* ViewController */ = {
			isa = PBXGroup;
			children = (
				9ECCAA8B2553F72A00FBDEC8 /* CollectionViewCell */,
				9ECCAA872553F50100FBDEC8 /* CurrencyViewController.swift */,
				9ECCAA882553F50100FBDEC8 /* CurrencyViewController.xib */,
			);
			path = ViewController;
			sourceTree = "<group>";
		};
		9ECCAA8B2553F72A00FBDEC8 /* CollectionViewCell */ = {
			isa = PBXGroup;
			children = (
				9ECCAA8C2553F75200FBDEC8 /* CurrencyCollectionViewCell.swift */,
				9ECCAA8D2553F75200FBDEC8 /* CurrencyCollectionViewCell.xib */,
			);
			path = CollectionViewCell;
			sourceTree = "<group>";
		};
		9ECCAA902553F7C800FBDEC8 /* CustomViews */ = {
			isa = PBXGroup;
			children = (
				9ECCAA912553F7CF00FBDEC8 /* CollectionView */,
			);
			path = CustomViews;
			sourceTree = "<group>";
		};
		9ECCAA912553F7CF00FBDEC8 /* CollectionView */ = {
			isa = PBXGroup;
			children = (
				9ECCAA922553F7DA00FBDEC8 /* DataSource */,
				9ECCAA972553FA4200FBDEC8 /* CollectionView.swift */,
			);
			path = CollectionView;
			sourceTree = "<group>";
		};
		9ECCAA922553F7DA00FBDEC8 /* DataSource */ = {
			isa = PBXGroup;
			children = (
				9ECCAA932553F81600FBDEC8 /* CollectionViewDataSource.swift */,
				9ECCAA952553F82B00FBDEC8 /* CollectionViewCellModel.swift */,
			);
			path = DataSource;
			sourceTree = "<group>";
		};
		9ECCAA992554015900FBDEC8 /* DependencyContainer */ = {
			isa = PBXGroup;
			children = (
				9ECCAA9A2554017100FBDEC8 /* CurrencyDependencyContainer.swift */,
			);
			path = DependencyContainer;
			sourceTree = "<group>";
		};
		9EF3AB9D25546C480023F201 /* LatestCurrencyRateFetcher */ = {
			isa = PBXGroup;
			children = (
				9EF3AB9E25546C7C0023F201 /* LatestCurrencyRateFetcher.swift */,
				9EF3ABA02554727D0023F201 /* LatestEndpoint.swift */,
				9EF3ABA2255473210023F201 /* LatestCurrencyRequestParam.swift */,
			);
			path = LatestCurrencyRateFetcher;
			sourceTree = "<group>";
		};
		9EF3ABAD25548C2E0023F201 /* DependencyContainer */ = {
			isa = PBXGroup;
			children = (
				9EF3ABAE25548C480023F201 /* ExchangeDependencyContainer.swift */,
			);
			path = DependencyContainer;
			sourceTree = "<group>";
		};
/* End PBXGroup section */

/* Begin PBXNativeTarget section */
		9E7D536525532E5F00F2F2D8 /* EliqChallenge */ = {
			isa = PBXNativeTarget;
			buildConfigurationList = 9E7D537A25532E7B00F2F2D8 /* Build configuration list for PBXNativeTarget "EliqChallenge" */;
			buildPhases = (
				9E7D536225532E5F00F2F2D8 /* Sources */,
				9E7D536325532E5F00F2F2D8 /* Frameworks */,
				9E7D536425532E5F00F2F2D8 /* Resources */,
			);
			buildRules = (
			);
			dependencies = (
			);
			name = EliqChallenge;
			productName = EliqChallenge;
			productReference = 9E7D536625532E5F00F2F2D8 /* EliqChallenge.app */;
			productType = "com.apple.product-type.application";
		};
/* End PBXNativeTarget section */

/* Begin PBXProject section */
		9E7D535E25532E5F00F2F2D8 /* Project object */ = {
			isa = PBXProject;
			attributes = {
				LastSwiftUpdateCheck = 1170;
				LastUpgradeCheck = 1170;
				ORGANIZATIONNAME = "Athena Yousefi";
				TargetAttributes = {
					9E7D536525532E5F00F2F2D8 = {
						CreatedOnToolsVersion = 11.7;
					};
				};
			};
			buildConfigurationList = 9E7D536125532E5F00F2F2D8 /* Build configuration list for PBXProject "EliqChallenge" */;
			compatibilityVersion = "Xcode 9.3";
			developmentRegion = en;
			hasScannedForEncodings = 0;
			knownRegions = (
				en,
				Base,
			);
			mainGroup = 9E7D535D25532E5F00F2F2D8;
			productRefGroup = 9E7D536725532E5F00F2F2D8 /* Products */;
			projectDirPath = "";
			projectRoot = "";
			targets = (
				9E7D536525532E5F00F2F2D8 /* EliqChallenge */,
			);
		};
/* End PBXProject section */

/* Begin PBXResourcesBuildPhase section */
		9E7D536425532E5F00F2F2D8 /* Resources */ = {
			isa = PBXResourcesBuildPhase;
			buildActionMask = 2147483647;
			files = (
				9ECCAA8A2553F50200FBDEC8 /* CurrencyViewController.xib in Resources */,
				9ECCAA8F2553F75200FBDEC8 /* CurrencyCollectionViewCell.xib in Resources */,
				9E6B812C2554103C00D583D9 /* RateViewController.xib in Resources */,
				9E7D537625532E7B00F2F2D8 /* LaunchScreen.storyboard in Resources */,
				9E7D537325532E7B00F2F2D8 /* Assets.xcassets in Resources */,
				9EF3AB9C2554656D0023F201 /* ExchangeViewController.xib in Resources */,
			);
			runOnlyForDeploymentPostprocessing = 0;
		};
/* End PBXResourcesBuildPhase section */

/* Begin PBXSourcesBuildPhase section */
		9E7D536225532E5F00F2F2D8 /* Sources */ = {
			isa = PBXSourcesBuildPhase;
			buildActionMask = 2147483647;
			files = (
				9EF3AB98255449C60023F201 /* ErrorModel.swift in Sources */,
				9ECCAA982553FA4200FBDEC8 /* CollectionView.swift in Sources */,
				9E6B814F25543A2000D583D9 /* DateExtension.swift in Sources */,
				9E6B813F2554232200D583D9 /* FetchDailyRateParams.swift in Sources */,
				9EF3AB9F25546C7C0023F201 /* LatestCurrencyRateFetcher.swift in Sources */,
				9E6B813225541C6F00D583D9 /* RateWorker.swift in Sources */,
				9E6B813425541C7A00D583D9 /* RateInteractor.swift in Sources */,
				9E6B813625541C8400D583D9 /* RatePresenter.swift in Sources */,
				9E7726EC2553E7DB00618DF8 /* CurrencyRouter.swift in Sources */,
				9EF3ABA6255479040023F201 /* ExchangeInteractor.swift in Sources */,
				9E6B814B255434F700D583D9 /* JSONEncoder.swift in Sources */,
				9E7D539325533F3A00F2F2D8 /* Endpoint.swift in Sources */,
				9E7726E62553E7AF00618DF8 /* CurrencyInteractor.swift in Sources */,
				9E6B8149255434BD00D583D9 /* EncodableExtension.swift in Sources */,
				9EF3ABA12554727D0023F201 /* LatestEndpoint.swift in Sources */,
				9E6B813925541CCA00D583D9 /* RateModel.swift in Sources */,
				9EF3ABAF25548C480023F201 /* ExchangeDependencyContainer.swift in Sources */,
				9EF3AB9B2554656D0023F201 /* ExchangeViewController.swift in Sources */,
				9ECCAA892553F50100FBDEC8 /* CurrencyViewController.swift in Sources */,
				9E7D539025533F3A00F2F2D8 /* Response.swift in Sources */,
				9E6B813025541BE100D583D9 /* RateDependencyContainer.swift in Sources */,
				9E7D536E25532E6000F2F2D8 /* ViewController.swift in Sources */,
				9E6B81422554259800D583D9 /* Info.swift in Sources */,
				9EF3ABA8255479730023F201 /* ExchangePresenter.swift in Sources */,
				9ECCAA9B2554017100FBDEC8 /* CurrencyDependencyContainer.swift in Sources */,
				9E6B813B25541DD700D583D9 /* RateEndpoint.swift in Sources */,
				9E6B813D2554216100D583D9 /* FetchRatesParams.swift in Sources */,
				9ECCAA8E2553F75200FBDEC8 /* CurrencyCollectionViewCell.swift in Sources */,
				9E7726E82553E7BE00618DF8 /* CurrencyPresenter.swift in Sources */,
				9E7D539225533F3A00F2F2D8 /* Types.swift in Sources */,
				9ECCAA962553F82B00FBDEC8 /* CollectionViewCellModel.swift in Sources */,
				9E7D536A25532E6000F2F2D8 /* AppDelegate.swift in Sources */,
				9E6B814625542C0600D583D9 /* DailyRatesResponse.swift in Sources */,
				9ECCAA942553F81600FBDEC8 /* CollectionViewDataSource.swift in Sources */,
				9E7D539125533F3A00F2F2D8 /* NetworkError.swift in Sources */,
				9EF3ABA3255473210023F201 /* LatestCurrencyRequestParam.swift in Sources */,
				9E6B814D2554355700D583D9 /* JSONDecoder.swift in Sources */,
				9E6B812B2554103C00D583D9 /* RateViewController.swift in Sources */,
				9EF3ABAC255479AA0023F201 /* ExchangeModel.swift in Sources */,
				9E6B814425542BE600D583D9 /* RatesResponse.swift in Sources */,
				9E7726F02553E80D00618DF8 /* CurrencyWorker.swift in Sources */,
				9E7D539425533F3A00F2F2D8 /* NetworkAPI.swift in Sources */,
				9E7726F32553E85D00618DF8 /* Currency.swift in Sources */,
			);
			runOnlyForDeploymentPostprocessing = 0;
		};
/* End PBXSourcesBuildPhase section */

/* Begin PBXVariantGroup section */
		9E7D537425532E7B00F2F2D8 /* LaunchScreen.storyboard */ = {
			isa = PBXVariantGroup;
			children = (
				9E7D537525532E7B00F2F2D8 /* Base */,
			);
			name = LaunchScreen.storyboard;
			sourceTree = "<group>";
		};
/* End PBXVariantGroup section */

/* Begin XCBuildConfiguration section */
		9E7D537825532E7B00F2F2D8 /* Debug */ = {
			isa = XCBuildConfiguration;
			buildSettings = {
				ALWAYS_SEARCH_USER_PATHS = NO;
				CLANG_ANALYZER_NONNULL = YES;
				CLANG_ANALYZER_NUMBER_OBJECT_CONVERSION = YES_AGGRESSIVE;
				CLANG_CXX_LANGUAGE_STANDARD = "gnu++14";
				CLANG_CXX_LIBRARY = "libc++";
				CLANG_ENABLE_MODULES = YES;
				CLANG_ENABLE_OBJC_ARC = YES;
				CLANG_ENABLE_OBJC_WEAK = YES;
				CLANG_WARN_BLOCK_CAPTURE_AUTORELEASING = YES;
				CLANG_WARN_BOOL_CONVERSION = YES;
				CLANG_WARN_COMMA = YES;
				CLANG_WARN_CONSTANT_CONVERSION = YES;
				CLANG_WARN_DEPRECATED_OBJC_IMPLEMENTATIONS = YES;
				CLANG_WARN_DIRECT_OBJC_ISA_USAGE = YES_ERROR;
				CLANG_WARN_DOCUMENTATION_COMMENTS = YES;
				CLANG_WARN_EMPTY_BODY = YES;
				CLANG_WARN_ENUM_CONVERSION = YES;
				CLANG_WARN_INFINITE_RECURSION = YES;
				CLANG_WARN_INT_CONVERSION = YES;
				CLANG_WARN_NON_LITERAL_NULL_CONVERSION = YES;
				CLANG_WARN_OBJC_IMPLICIT_RETAIN_SELF = YES;
				CLANG_WARN_OBJC_LITERAL_CONVERSION = YES;
				CLANG_WARN_OBJC_ROOT_CLASS = YES_ERROR;
				CLANG_WARN_RANGE_LOOP_ANALYSIS = YES;
				CLANG_WARN_STRICT_PROTOTYPES = YES;
				CLANG_WARN_SUSPICIOUS_MOVE = YES;
				CLANG_WARN_UNGUARDED_AVAILABILITY = YES_AGGRESSIVE;
				CLANG_WARN_UNREACHABLE_CODE = YES;
				CLANG_WARN__DUPLICATE_METHOD_MATCH = YES;
				COPY_PHASE_STRIP = NO;
				DEBUG_INFORMATION_FORMAT = dwarf;
				ENABLE_STRICT_OBJC_MSGSEND = YES;
				ENABLE_TESTABILITY = YES;
				GCC_C_LANGUAGE_STANDARD = gnu11;
				GCC_DYNAMIC_NO_PIC = NO;
				GCC_NO_COMMON_BLOCKS = YES;
				GCC_OPTIMIZATION_LEVEL = 0;
				GCC_PREPROCESSOR_DEFINITIONS = (
					"DEBUG=1",
					"$(inherited)",
				);
				GCC_WARN_64_TO_32_BIT_CONVERSION = YES;
				GCC_WARN_ABOUT_RETURN_TYPE = YES_ERROR;
				GCC_WARN_UNDECLARED_SELECTOR = YES;
				GCC_WARN_UNINITIALIZED_AUTOS = YES_AGGRESSIVE;
				GCC_WARN_UNUSED_FUNCTION = YES;
				GCC_WARN_UNUSED_VARIABLE = YES;
				IPHONEOS_DEPLOYMENT_TARGET = 13.7;
				MTL_ENABLE_DEBUG_INFO = INCLUDE_SOURCE;
				MTL_FAST_MATH = YES;
				ONLY_ACTIVE_ARCH = YES;
				SDKROOT = iphoneos;
				SWIFT_ACTIVE_COMPILATION_CONDITIONS = DEBUG;
				SWIFT_OPTIMIZATION_LEVEL = "-Onone";
			};
			name = Debug;
		};
		9E7D537925532E7B00F2F2D8 /* Release */ = {
			isa = XCBuildConfiguration;
			buildSettings = {
				ALWAYS_SEARCH_USER_PATHS = NO;
				CLANG_ANALYZER_NONNULL = YES;
				CLANG_ANALYZER_NUMBER_OBJECT_CONVERSION = YES_AGGRESSIVE;
				CLANG_CXX_LANGUAGE_STANDARD = "gnu++14";
				CLANG_CXX_LIBRARY = "libc++";
				CLANG_ENABLE_MODULES = YES;
				CLANG_ENABLE_OBJC_ARC = YES;
				CLANG_ENABLE_OBJC_WEAK = YES;
				CLANG_WARN_BLOCK_CAPTURE_AUTORELEASING = YES;
				CLANG_WARN_BOOL_CONVERSION = YES;
				CLANG_WARN_COMMA = YES;
				CLANG_WARN_CONSTANT_CONVERSION = YES;
				CLANG_WARN_DEPRECATED_OBJC_IMPLEMENTATIONS = YES;
				CLANG_WARN_DIRECT_OBJC_ISA_USAGE = YES_ERROR;
				CLANG_WARN_DOCUMENTATION_COMMENTS = YES;
				CLANG_WARN_EMPTY_BODY = YES;
				CLANG_WARN_ENUM_CONVERSION = YES;
				CLANG_WARN_INFINITE_RECURSION = YES;
				CLANG_WARN_INT_CONVERSION = YES;
				CLANG_WARN_NON_LITERAL_NULL_CONVERSION = YES;
				CLANG_WARN_OBJC_IMPLICIT_RETAIN_SELF = YES;
				CLANG_WARN_OBJC_LITERAL_CONVERSION = YES;
				CLANG_WARN_OBJC_ROOT_CLASS = YES_ERROR;
				CLANG_WARN_RANGE_LOOP_ANALYSIS = YES;
				CLANG_WARN_STRICT_PROTOTYPES = YES;
				CLANG_WARN_SUSPICIOUS_MOVE = YES;
				CLANG_WARN_UNGUARDED_AVAILABILITY = YES_AGGRESSIVE;
				CLANG_WARN_UNREACHABLE_CODE = YES;
				CLANG_WARN__DUPLICATE_METHOD_MATCH = YES;
				COPY_PHASE_STRIP = NO;
				DEBUG_INFORMATION_FORMAT = "dwarf-with-dsym";
				ENABLE_NS_ASSERTIONS = NO;
				ENABLE_STRICT_OBJC_MSGSEND = YES;
				GCC_C_LANGUAGE_STANDARD = gnu11;
				GCC_NO_COMMON_BLOCKS = YES;
				GCC_WARN_64_TO_32_BIT_CONVERSION = YES;
				GCC_WARN_ABOUT_RETURN_TYPE = YES_ERROR;
				GCC_WARN_UNDECLARED_SELECTOR = YES;
				GCC_WARN_UNINITIALIZED_AUTOS = YES_AGGRESSIVE;
				GCC_WARN_UNUSED_FUNCTION = YES;
				GCC_WARN_UNUSED_VARIABLE = YES;
				IPHONEOS_DEPLOYMENT_TARGET = 13.7;
				MTL_ENABLE_DEBUG_INFO = NO;
				MTL_FAST_MATH = YES;
				SDKROOT = iphoneos;
				SWIFT_COMPILATION_MODE = wholemodule;
				SWIFT_OPTIMIZATION_LEVEL = "-O";
				VALIDATE_PRODUCT = YES;
			};
			name = Release;
		};
		9E7D537B25532E7B00F2F2D8 /* Debug */ = {
			isa = XCBuildConfiguration;
			buildSettings = {
				ASSETCATALOG_COMPILER_APPICON_NAME = AppIcon;
				CODE_SIGN_STYLE = Automatic;
				DEVELOPMENT_TEAM = RT3GE7LQJ2;
				INFOPLIST_FILE = EliqChallenge/Info.plist;
				LD_RUNPATH_SEARCH_PATHS = (
					"$(inherited)",
					"@executable_path/Frameworks",
				);
				PRODUCT_BUNDLE_IDENTIFIER = "com.-eliq.EliqChallenge";
				PRODUCT_NAME = "$(TARGET_NAME)";
				SWIFT_VERSION = 5.0;
				TARGETED_DEVICE_FAMILY = 1;
			};
			name = Debug;
		};
		9E7D537C25532E7B00F2F2D8 /* Release */ = {
			isa = XCBuildConfiguration;
			buildSettings = {
				ASSETCATALOG_COMPILER_APPICON_NAME = AppIcon;
				CODE_SIGN_STYLE = Automatic;
				DEVELOPMENT_TEAM = RT3GE7LQJ2;
				INFOPLIST_FILE = EliqChallenge/Info.plist;
				LD_RUNPATH_SEARCH_PATHS = (
					"$(inherited)",
					"@executable_path/Frameworks",
				);
				PRODUCT_BUNDLE_IDENTIFIER = "com.-eliq.EliqChallenge";
				PRODUCT_NAME = "$(TARGET_NAME)";
				SWIFT_VERSION = 5.0;
				TARGETED_DEVICE_FAMILY = 1;
			};
			name = Release;
		};
/* End XCBuildConfiguration section */

/* Begin XCConfigurationList section */
		9E7D536125532E5F00F2F2D8 /* Build configuration list for PBXProject "EliqChallenge" */ = {
			isa = XCConfigurationList;
			buildConfigurations = (
				9E7D537825532E7B00F2F2D8 /* Debug */,
				9E7D537925532E7B00F2F2D8 /* Release */,
			);
			defaultConfigurationIsVisible = 0;
			defaultConfigurationName = Release;
		};
		9E7D537A25532E7B00F2F2D8 /* Build configuration list for PBXNativeTarget "EliqChallenge" */ = {
			isa = XCConfigurationList;
			buildConfigurations = (
				9E7D537B25532E7B00F2F2D8 /* Debug */,
				9E7D537C25532E7B00F2F2D8 /* Release */,
			);
			defaultConfigurationIsVisible = 0;
			defaultConfigurationName = Release;
		};
/* End XCConfigurationList section */
	};
	rootObject = 9E7D535E25532E5F00F2F2D8 /* Project object */;
}
